
Microsoft Visual Studio Solution File, Format Version 12.00
# Visual Studio 15
Project("{FAE04EC0-301F-11D3-BF4B-00C04F79EFBC}") = "Unity.Timeline", "Unity.Timeline.csproj", "{40AE39EA-BE01-9B9D-F589-188709107D54}"
EndProject
Project("{FAE04EC0-301F-11D3-BF4B-00C04F79EFBC}") = "Unity.Timeline.Editor", "Unity.Timeline.Editor.csproj", "{D1B849B1-2D19-7501-F03D-98076C7E9D0A}"
EndProject
Project("{FAE04EC0-301F-11D3-BF4B-00C04F79EFBC}") = "Unity.PlasticSCM.Editor", "Unity.PlasticSCM.Editor.csproj", "{3B23DC6E-7559-7730-843D-AF666CF72BA4}"
EndProject
Project("{FAE04EC0-301F-11D3-BF4B-00C04F79EFBC}") = "Unity.TextMeshPro.Editor", "Unity.TextMeshPro.Editor.csproj", "{B719B503-2A8B-C0D6-25A5-65CEB2682F14}"
EndProject
Project("{FAE04EC0-301F-11D3-BF4B-00C04F79EFBC}") = "Unity.VisualScripting.Flow", "Unity.VisualScripting.Flow.csproj", "{BCDE0ABF-F34D-36E9-1751-FDA72FABDFFC}"
EndProject
Project("{FAE04EC0-301F-11D3-BF4B-00C04F79EFBC}") = "UnityEditor.UI", "UnityEditor.UI.csproj", "{9E08DF50-1104-FFF8-8A32-C5D0817B2BEC}"
EndProject
Project("{FAE04EC0-301F-11D3-BF4B-00C04F79EFBC}") = "Unity.VisualScripting.Core", "Unity.VisualScripting.Core.csproj", "{B45CAE45-157A-C640-F7A6-188A57A75AB0}"
EndProject
Project("{FAE04EC0-301F-11D3-BF4B-00C04F79EFBC}") = "Unity.VisualScripting.Core.Editor", "Unity.VisualScripting.Core.Editor.csproj", "{8E8FE35D-DE89-DB99-5912-55848DD57115}"
EndProject
Project("{FAE04EC0-301F-11D3-BF4B-00C04F79EFBC}") = "Unity.VisualScripting.Flow.Editor", "Unity.VisualScripting.Flow.Editor.csproj", "{3668B0A5-4590-D99F-B918-05DF12AC8A43}"
EndProject
Project("{FAE04EC0-301F-11D3-BF4B-00C04F79EFBC}") = "UnityEditor.TestRunner", "UnityEditor.TestRunner.csproj", "{4914592E-5756-994B-2149-0B2E171350DD}"
EndProject
Project("{FAE04EC0-301F-11D3-BF4B-00C04F79EFBC}") = "Unity.VisualScripting.SettingsProvider.Editor", "Unity.VisualScripting.SettingsProvider.Editor.csproj", "{660AE11F-6098-7954-0004-B82DC830509D}"
EndProject
Project("{FAE04EC0-301F-11D3-BF4B-00C04F79EFBC}") = "UnityEngine.TestRunner", "UnityEngine.TestRunner.csproj", "{BE062A78-52CE-2BE2-61DF-BA38133D5849}"
EndProject
Project("{FAE04EC0-301F-11D3-BF4B-00C04F79EFBC}") = "UnityEngine.UI", "UnityEngine.UI.csproj", "{49092E86-D851-93D1-A764-29F832091A02}"
EndProject
Project("{FAE04EC0-301F-11D3-BF4B-00C04F79EFBC}") = "Unity.VisualStudio.Editor", "Unity.VisualStudio.Editor.csproj", "{AAB2E60F-8908-7127-9721-52107BA4C811}"
EndProject
Project("{FAE04EC0-301F-11D3-BF4B-00C04F79EFBC}") = "Unity.TestTools.CodeCoverage.Editor.OpenCover.Model", "Unity.TestTools.CodeCoverage.Editor.OpenCover.Model.csproj", "{CE20081A-2673-8D42-8643-07D7ED57864A}"
EndProject
Project("{FAE04EC0-301F-11D3-BF4B-00C04F79EFBC}") = "Unity.Rider.Editor", "Unity.Rider.Editor.csproj", "{F88A4741-FD60-F435-2F31-D387404BCA19}"
EndProject
Project("{FAE04EC0-301F-11D3-BF4B-00C04F79EFBC}") = "Unity.VisualScripting.State.Editor", "Unity.VisualScripting.State.Editor.csproj", "{D1ABC753-3D3A-FE54-89D3-4B551CAA47F2}"
EndProject
Project("{FAE04EC0-301F-11D3-BF4B-00C04F79EFBC}") = "Unity.TestTools.CodeCoverage.Editor", "Unity.TestTools.CodeCoverage.Editor.csproj", "{E87F7FFC-51C6-5AA0-7187-A35354358AE5}"
EndProject
Project("{FAE04EC0-301F-11D3-BF4B-00C04F79EFBC}") = "Unity.VisualScripting.State", "Unity.VisualScripting.State.csproj", "{4CE4E4A2-6CA0-77F3-1441-51B610BC8B57}"
EndProject
Project("{FAE04EC0-301F-11D3-BF4B-00C04F79EFBC}") = "Unity.TextMeshPro", "Unity.TextMeshPro.csproj", "{F17ACEA5-13ED-5C33-096E-2A3D2549FE6D}"
EndProject
Project("{FAE04EC0-301F-11D3-BF4B-00C04F79EFBC}") = "Unity.Performance.Profile-Analyzer.Editor", "Unity.Performance.Profile-Analyzer.Editor.csproj", "{EC297947-7F30-7389-98CE-2712D6364C2E}"
EndProject
Project("{FAE04EC0-301F-11D3-BF4B-00C04F79EFBC}") = "Unity.VSCode.Editor", "Unity.VSCode.Editor.csproj", "{151D7345-E8C8-6AD8-1CBC-82574DA7C239}"
EndProject
Project("{FAE04EC0-301F-11D3-BF4B-00C04F79EFBC}") = "Unity.TestTools.CodeCoverage.Editor.OpenCover.Mono.Reflection", "Unity.TestTools.CodeCoverage.Editor.OpenCover.Mono.Reflection.csproj", "{07B6B055-13E7-9678-0A78-E98552058F9C}"
EndProject
Project("{FAE04EC0-301F-11D3-BF4B-00C04F79EFBC}") = "Unity.Settings.Editor", "Unity.Settings.Editor.csproj", "{E41E2CC8-CF28-4165-2EC3-767D539FABEE}"
EndProject
Project("{FAE04EC0-301F-11D3-BF4B-00C04F79EFBC}") = "Assembly-CSharp", "Assembly-CSharp.csproj", "{7C3E3DB9-57D4-0642-8015-AA34A1903036}"
EndProject
Project("{FAE04EC0-301F-11D3-BF4B-00C04F79EFBC}") = "Unity.EditorCoroutines.Editor", "Unity.EditorCoroutines.Editor.csproj", "{FCFBD73D-41EA-A052-7AB0-3B53BEE8E2F3}"
EndProject
Project("{FAE04EC0-301F-11D3-BF4B-00C04F79EFBC}") = "Unity.CollabProxy.Editor", "Unity.CollabProxy.Editor.csproj", "{0BDDD5EE-4A12-5C44-96BE-6D659CCC6C6A}"
EndProject
Project("{FAE04EC0-301F-11D3-BF4B-00C04F79EFBC}") = "Unity.VisualScripting.Shared.Editor", "Unity.VisualScripting.Shared.Editor.csproj", "{7B6A8695-C1DF-0304-E418-B4F2938CACC7}"
EndProject
Project("{FAE04EC0-301F-11D3-BF4B-00C04F79EFBC}") = "Unity.PlasticSCM.Editor.Entities", "Unity.PlasticSCM.Editor.Entities.csproj", "{7BF09D7C-AA49-92E7-614D-E08BE6B98D42}"
EndProject
Project("{FAE04EC0-301F-11D3-BF4B-00C04F79EFBC}") = "Unity.Timeline", "Unity.Timeline.Player.csproj", "{6C989DF1-F888-F230-D372-39C036ECCFDA}"
EndProject
Project("{FAE04EC0-301F-11D3-BF4B-00C04F79EFBC}") = "Unity.VisualScripting.Flow", "Unity.VisualScripting.Flow.Player.csproj", "{36606359-4A63-F0C2-91D0-F20549474B6D}"
EndProject
Project("{FAE04EC0-301F-11D3-BF4B-00C04F79EFBC}") = "Unity.VisualScripting.Core", "Unity.VisualScripting.Core.Player.csproj", "{34328981-C873-E50E-9925-EFBFEA905E58}"
EndProject
Project("{FAE04EC0-301F-11D3-BF4B-00C04F79EFBC}") = "UnityEngine.TestRunner", "UnityEngine.TestRunner.Player.csproj", "{B4E6FD76-8325-03CD-BCC6-625AAC88718D}"
EndProject
Project("{FAE04EC0-301F-11D3-BF4B-00C04F79EFBC}") = "UnityEngine.UI", "UnityEngine.UI.Player.csproj", "{A9F92CC3-F802-19A2-C9A8-D3198E76E81F}"
EndProject
Project("{FAE04EC0-301F-11D3-BF4B-00C04F79EFBC}") = "Unity.VisualScripting.State", "Unity.VisualScripting.State.Player.csproj", "{B8B17A0C-5712-9580-4122-5F2774700AA5}"
EndProject
Project("{FAE04EC0-301F-11D3-BF4B-00C04F79EFBC}") = "Unity.TextMeshPro", "Unity.TextMeshPro.Player.csproj", "{E5471D3A-C786-E1D4-016D-D20D4E00A3BC}"
EndProject
Project("{FAE04EC0-301F-11D3-BF4B-00C04F79EFBC}") = "Assembly-CSharp", "Assembly-CSharp.Player.csproj", "{B468E90B-203E-CACC-E2F9-5CCB7980C6C6}"
EndProject
Global
	GlobalSection(SolutionConfigurationPlatforms) = preSolution
		Debug|Any CPU = Debug|Any CPU
		Release|Any CPU = Release|Any CPU
	EndGlobalSection
	GlobalSection(ProjectConfigurationPlatforms) = postSolution
		{40AE39EA-BE01-9B9D-F589-188709107D54}.Debug|Any CPU.ActiveCfg = Debug|Any CPU
		{40AE39EA-BE01-9B9D-F589-188709107D54}.Debug|Any CPU.Build.0 = Debug|Any CPU
		{40AE39EA-BE01-9B9D-F589-188709107D54}.Release|Any CPU.ActiveCfg = Release|Any CPU
		{40AE39EA-BE01-9B9D-F589-188709107D54}.Release|Any CPU.Build.0 = Release|Any CPU
		{D1B849B1-2D19-7501-F03D-98076C7E9D0A}.Debug|Any CPU.ActiveCfg = Debug|Any CPU
		{D1B849B1-2D19-7501-F03D-98076C7E9D0A}.Debug|Any CPU.Build.0 = Debug|Any CPU
		{D1B849B1-2D19-7501-F03D-98076C7E9D0A}.Release|Any CPU.ActiveCfg = Release|Any CPU
		{D1B849B1-2D19-7501-F03D-98076C7E9D0A}.Release|Any CPU.Build.0 = Release|Any CPU
		{3B23DC6E-7559-7730-843D-AF666CF72BA4}.Debug|Any CPU.ActiveCfg = Debug|Any CPU
		{3B23DC6E-7559-7730-843D-AF666CF72BA4}.Debug|Any CPU.Build.0 = Debug|Any CPU
		{3B23DC6E-7559-7730-843D-AF666CF72BA4}.Release|Any CPU.ActiveCfg = Release|Any CPU
		{3B23DC6E-7559-7730-843D-AF666CF72BA4}.Release|Any CPU.Build.0 = Release|Any CPU
		{B719B503-2A8B-C0D6-25A5-65CEB2682F14}.Debug|Any CPU.ActiveCfg = Debug|Any CPU
		{B719B503-2A8B-C0D6-25A5-65CEB2682F14}.Debug|Any CPU.Build.0 = Debug|Any CPU
		{B719B503-2A8B-C0D6-25A5-65CEB2682F14}.Release|Any CPU.ActiveCfg = Release|Any CPU
		{B719B503-2A8B-C0D6-25A5-65CEB2682F14}.Release|Any CPU.Build.0 = Release|Any CPU
		{BCDE0ABF-F34D-36E9-1751-FDA72FABDFFC}.Debug|Any CPU.ActiveCfg = Debug|Any CPU
		{BCDE0ABF-F34D-36E9-1751-FDA72FABDFFC}.Debug|Any CPU.Build.0 = Debug|Any CPU
		{BCDE0ABF-F34D-36E9-1751-FDA72FABDFFC}.Release|Any CPU.ActiveCfg = Release|Any CPU
		{BCDE0ABF-F34D-36E9-1751-FDA72FABDFFC}.Release|Any CPU.Build.0 = Release|Any CPU
		{9E08DF50-1104-FFF8-8A32-C5D0817B2BEC}.Debug|Any CPU.ActiveCfg = Debug|Any CPU
		{9E08DF50-1104-FFF8-8A32-C5D0817B2BEC}.Debug|Any CPU.Build.0 = Debug|Any CPU
		{9E08DF50-1104-FFF8-8A32-C5D0817B2BEC}.Release|Any CPU.ActiveCfg = Release|Any CPU
		{9E08DF50-1104-FFF8-8A32-C5D0817B2BEC}.Release|Any CPU.Build.0 = Release|Any CPU
		{B45CAE45-157A-C640-F7A6-188A57A75AB0}.Debug|Any CPU.ActiveCfg = Debug|Any CPU
		{B45CAE45-157A-C640-F7A6-188A57A75AB0}.Debug|Any CPU.Build.0 = Debug|Any CPU
		{B45CAE45-157A-C640-F7A6-188A57A75AB0}.Release|Any CPU.ActiveCfg = Release|Any CPU
		{B45CAE45-157A-C640-F7A6-188A57A75AB0}.Release|Any CPU.Build.0 = Release|Any CPU
		{8E8FE35D-DE89-DB99-5912-55848DD57115}.Debug|Any CPU.ActiveCfg = Debug|Any CPU
		{8E8FE35D-DE89-DB99-5912-55848DD57115}.Debug|Any CPU.Build.0 = Debug|Any CPU
		{8E8FE35D-DE89-DB99-5912-55848DD57115}.Release|Any CPU.ActiveCfg = Release|Any CPU
		{8E8FE35D-DE89-DB99-5912-55848DD57115}.Release|Any CPU.Build.0 = Release|Any CPU
		{3668B0A5-4590-D99F-B918-05DF12AC8A43}.Debug|Any CPU.ActiveCfg = Debug|Any CPU
		{3668B0A5-4590-D99F-B918-05DF12AC8A43}.Debug|Any CPU.Build.0 = Debug|Any CPU
		{3668B0A5-4590-D99F-B918-05DF12AC8A43}.Release|Any CPU.ActiveCfg = Release|Any CPU
		{3668B0A5-4590-D99F-B918-05DF12AC8A43}.Release|Any CPU.Build.0 = Release|Any CPU
		{4914592E-5756-994B-2149-0B2E171350DD}.Debug|Any CPU.ActiveCfg = Debug|Any CPU
		{4914592E-5756-994B-2149-0B2E171350DD}.Debug|Any CPU.Build.0 = Debug|Any CPU
		{4914592E-5756-994B-2149-0B2E171350DD}.Release|Any CPU.ActiveCfg = Release|Any CPU
		{4914592E-5756-994B-2149-0B2E171350DD}.Release|Any CPU.Build.0 = Release|Any CPU
		{660AE11F-6098-7954-0004-B82DC830509D}.Debug|Any CPU.ActiveCfg = Debug|Any CPU
		{660AE11F-6098-7954-0004-B82DC830509D}.Debug|Any CPU.Build.0 = Debug|Any CPU
		{660AE11F-6098-7954-0004-B82DC830509D}.Release|Any CPU.ActiveCfg = Release|Any CPU
		{660AE11F-6098-7954-0004-B82DC830509D}.Release|Any CPU.Build.0 = Release|Any CPU
		{BE062A78-52CE-2BE2-61DF-BA38133D5849}.Debug|Any CPU.ActiveCfg = Debug|Any CPU
		{BE062A78-52CE-2BE2-61DF-BA38133D5849}.Debug|Any CPU.Build.0 = Debug|Any CPU
		{BE062A78-52CE-2BE2-61DF-BA38133D5849}.Release|Any CPU.ActiveCfg = Release|Any CPU
		{BE062A78-52CE-2BE2-61DF-BA38133D5849}.Release|Any CPU.Build.0 = Release|Any CPU
		{49092E86-D851-93D1-A764-29F832091A02}.Debug|Any CPU.ActiveCfg = Debug|Any CPU
		{49092E86-D851-93D1-A764-29F832091A02}.Debug|Any CPU.Build.0 = Debug|Any CPU
		{49092E86-D851-93D1-A764-29F832091A02}.Release|Any CPU.ActiveCfg = Release|Any CPU
		{49092E86-D851-93D1-A764-29F832091A02}.Release|Any CPU.Build.0 = Release|Any CPU
		{AAB2E60F-8908-7127-9721-52107BA4C811}.Debug|Any CPU.ActiveCfg = Debug|Any CPU
		{AAB2E60F-8908-7127-9721-52107BA4C811}.Debug|Any CPU.Build.0 = Debug|Any CPU
		{AAB2E60F-8908-7127-9721-52107BA4C811}.Release|Any CPU.ActiveCfg = Release|Any CPU
		{AAB2E60F-8908-7127-9721-52107BA4C811}.Release|Any CPU.Build.0 = Release|Any CPU
		{CE20081A-2673-8D42-8643-07D7ED57864A}.Debug|Any CPU.ActiveCfg = Debug|Any CPU
		{CE20081A-2673-8D42-8643-07D7ED57864A}.Debug|Any CPU.Build.0 = Debug|Any CPU
		{CE20081A-2673-8D42-8643-07D7ED57864A}.Release|Any CPU.ActiveCfg = Release|Any CPU
		{CE20081A-2673-8D42-8643-07D7ED57864A}.Release|Any CPU.Build.0 = Release|Any CPU
		{F88A4741-FD60-F435-2F31-D387404BCA19}.Debug|Any CPU.ActiveCfg = Debug|Any CPU
		{F88A4741-FD60-F435-2F31-D387404BCA19}.Debug|Any CPU.Build.0 = Debug|Any CPU
		{F88A4741-FD60-F435-2F31-D387404BCA19}.Release|Any CPU.ActiveCfg = Release|Any CPU
		{F88A4741-FD60-F435-2F31-D387404BCA19}.Release|Any CPU.Build.0 = Release|Any CPU
		{D1ABC753-3D3A-FE54-89D3-4B551CAA47F2}.Debug|Any CPU.ActiveCfg = Debug|Any CPU
		{D1ABC753-3D3A-FE54-89D3-4B551CAA47F2}.Debug|Any CPU.Build.0 = Debug|Any CPU
		{D1ABC753-3D3A-FE54-89D3-4B551CAA47F2}.Release|Any CPU.ActiveCfg = Release|Any CPU
		{D1ABC753-3D3A-FE54-89D3-4B551CAA47F2}.Release|Any CPU.Build.0 = Release|Any CPU
		{E87F7FFC-51C6-5AA0-7187-A35354358AE5}.Debug|Any CPU.ActiveCfg = Debug|Any CPU
		{E87F7FFC-51C6-5AA0-7187-A35354358AE5}.Debug|Any CPU.Build.0 = Debug|Any CPU
		{E87F7FFC-51C6-5AA0-7187-A35354358AE5}.Release|Any CPU.ActiveCfg = Release|Any CPU
		{E87F7FFC-51C6-5AA0-7187-A35354358AE5}.Release|Any CPU.Build.0 = Release|Any CPU
		{4CE4E4A2-6CA0-77F3-1441-51B610BC8B57}.Debug|Any CPU.ActiveCfg = Debug|Any CPU
		{4CE4E4A2-6CA0-77F3-1441-51B610BC8B57}.Debug|Any CPU.Build.0 = Debug|Any CPU
		{4CE4E4A2-6CA0-77F3-1441-51B610BC8B57}.Release|Any CPU.ActiveCfg = Release|Any CPU
		{4CE4E4A2-6CA0-77F3-1441-51B610BC8B57}.Release|Any CPU.Build.0 = Release|Any CPU
		{F17ACEA5-13ED-5C33-096E-2A3D2549FE6D}.Debug|Any CPU.ActiveCfg = Debug|Any CPU
		{F17ACEA5-13ED-5C33-096E-2A3D2549FE6D}.Debug|Any CPU.Build.0 = Debug|Any CPU
		{F17ACEA5-13ED-5C33-096E-2A3D2549FE6D}.Release|Any CPU.ActiveCfg = Release|Any CPU
		{F17ACEA5-13ED-5C33-096E-2A3D2549FE6D}.Release|Any CPU.Build.0 = Release|Any CPU
		{EC297947-7F30-7389-98CE-2712D6364C2E}.Debug|Any CPU.ActiveCfg = Debug|Any CPU
		{EC297947-7F30-7389-98CE-2712D6364C2E}.Debug|Any CPU.Build.0 = Debug|Any CPU
		{EC297947-7F30-7389-98CE-2712D6364C2E}.Release|Any CPU.ActiveCfg = Release|Any CPU
		{EC297947-7F30-7389-98CE-2712D6364C2E}.Release|Any CPU.Build.0 = Release|Any CPU
		{151D7345-E8C8-6AD8-1CBC-82574DA7C239}.Debug|Any CPU.ActiveCfg = Debug|Any CPU
		{151D7345-E8C8-6AD8-1CBC-82574DA7C239}.Debug|Any CPU.Build.0 = Debug|Any CPU
		{151D7345-E8C8-6AD8-1CBC-82574DA7C239}.Release|Any CPU.ActiveCfg = Release|Any CPU
		{151D7345-E8C8-6AD8-1CBC-82574DA7C239}.Release|Any CPU.Build.0 = Release|Any CPU
		{07B6B055-13E7-9678-0A78-E98552058F9C}.Debug|Any CPU.ActiveCfg = Debug|Any CPU
		{07B6B055-13E7-9678-0A78-E98552058F9C}.Debug|Any CPU.Build.0 = Debug|Any CPU
		{07B6B055-13E7-9678-0A78-E98552058F9C}.Release|Any CPU.ActiveCfg = Release|Any CPU
		{07B6B055-13E7-9678-0A78-E98552058F9C}.Release|Any CPU.Build.0 = Release|Any CPU
		{E41E2CC8-CF28-4165-2EC3-767D539FABEE}.Debug|Any CPU.ActiveCfg = Debug|Any CPU
		{E41E2CC8-CF28-4165-2EC3-767D539FABEE}.Debug|Any CPU.Build.0 = Debug|Any CPU
		{E41E2CC8-CF28-4165-2EC3-767D539FABEE}.Release|Any CPU.ActiveCfg = Release|Any CPU
		{E41E2CC8-CF28-4165-2EC3-767D539FABEE}.Release|Any CPU.Build.0 = Release|Any CPU
		{7C3E3DB9-57D4-0642-8015-AA34A1903036}.Debug|Any CPU.ActiveCfg = Debug|Any CPU
		{7C3E3DB9-57D4-0642-8015-AA34A1903036}.Debug|Any CPU.Build.0 = Debug|Any CPU
		{7C3E3DB9-57D4-0642-8015-AA34A1903036}.Release|Any CPU.ActiveCfg = Release|Any CPU
		{7C3E3DB9-57D4-0642-8015-AA34A1903036}.Release|Any CPU.Build.0 = Release|Any CPU
		{FCFBD73D-41EA-A052-7AB0-3B53BEE8E2F3}.Debug|Any CPU.ActiveCfg = Debug|Any CPU
		{FCFBD73D-41EA-A052-7AB0-3B53BEE8E2F3}.Debug|Any CPU.Build.0 = Debug|Any CPU
		{FCFBD73D-41EA-A052-7AB0-3B53BEE8E2F3}.Release|Any CPU.ActiveCfg = Release|Any CPU
		{FCFBD73D-41EA-A052-7AB0-3B53BEE8E2F3}.Release|Any CPU.Build.0 = Release|Any CPU
		{0BDDD5EE-4A12-5C44-96BE-6D659CCC6C6A}.Debug|Any CPU.ActiveCfg = Debug|Any CPU
		{0BDDD5EE-4A12-5C44-96BE-6D659CCC6C6A}.Debug|Any CPU.Build.0 = Debug|Any CPU
		{0BDDD5EE-4A12-5C44-96BE-6D659CCC6C6A}.Release|Any CPU.ActiveCfg = Release|Any CPU
		{0BDDD5EE-4A12-5C44-96BE-6D659CCC6C6A}.Release|Any CPU.Build.0 = Release|Any CPU
		{7B6A8695-C1DF-0304-E418-B4F2938CACC7}.Debug|Any CPU.ActiveCfg = Debug|Any CPU
		{7B6A8695-C1DF-0304-E418-B4F2938CACC7}.Debug|Any CPU.Build.0 = Debug|Any CPU
		{7B6A8695-C1DF-0304-E418-B4F2938CACC7}.Release|Any CPU.ActiveCfg = Release|Any CPU
		{7B6A8695-C1DF-0304-E418-B4F2938CACC7}.Release|Any CPU.Build.0 = Release|Any CPU
		{7BF09D7C-AA49-92E7-614D-E08BE6B98D42}.Debug|Any CPU.ActiveCfg = Debug|Any CPU
		{7BF09D7C-AA49-92E7-614D-E08BE6B98D42}.Debug|Any CPU.Build.0 = Debug|Any CPU
		{7BF09D7C-AA49-92E7-614D-E08BE6B98D42}.Release|Any CPU.ActiveCfg = Release|Any CPU
		{7BF09D7C-AA49-92E7-614D-E08BE6B98D42}.Release|Any CPU.Build.0 = Release|Any CPU
		{6C989DF1-F888-F230-D372-39C036ECCFDA}.Debug|Any CPU.ActiveCfg = Debug|Any CPU
		{6C989DF1-F888-F230-D372-39C036ECCFDA}.Debug|Any CPU.Build.0 = Debug|Any CPU
		{6C989DF1-F888-F230-D372-39C036ECCFDA}.Release|Any CPU.ActiveCfg = Release|Any CPU
		{6C989DF1-F888-F230-D372-39C036ECCFDA}.Release|Any CPU.Build.0 = Release|Any CPU
		{36606359-4A63-F0C2-91D0-F20549474B6D}.Debug|Any CPU.ActiveCfg = Debug|Any CPU
		{36606359-4A63-F0C2-91D0-F20549474B6D}.Debug|Any CPU.Build.0 = Debug|Any CPU
		{36606359-4A63-F0C2-91D0-F20549474B6D}.Release|Any CPU.ActiveCfg = Release|Any CPU
		{36606359-4A63-F0C2-91D0-F20549474B6D}.Release|Any CPU.Build.0 = Release|Any CPU
		{34328981-C873-E50E-9925-EFBFEA905E58}.Debug|Any CPU.ActiveCfg = Debug|Any CPU
		{34328981-C873-E50E-9925-EFBFEA905E58}.Debug|Any CPU.Build.0 = Debug|Any CPU
		{34328981-C873-E50E-9925-EFBFEA905E58}.Release|Any CPU.ActiveCfg = Release|Any CPU
		{34328981-C873-E50E-9925-EFBFEA905E58}.Release|Any CPU.Build.0 = Release|Any CPU
		{B4E6FD76-8325-03CD-BCC6-625AAC88718D}.Debug|Any CPU.ActiveCfg = Debug|Any CPU
		{B4E6FD76-8325-03CD-BCC6-625AAC88718D}.Debug|Any CPU.Build.0 = Debug|Any CPU
		{B4E6FD76-8325-03CD-BCC6-625AAC88718D}.Release|Any CPU.ActiveCfg = Release|Any CPU
		{B4E6FD76-8325-03CD-BCC6-625AAC88718D}.Release|Any CPU.Build.0 = Release|Any CPU
		{A9F92CC3-F802-19A2-C9A8-D3198E76E81F}.Debug|Any CPU.ActiveCfg = Debug|Any CPU
		{A9F92CC3-F802-19A2-C9A8-D3198E76E81F}.Debug|Any CPU.Build.0 = Debug|Any CPU
		{A9F92CC3-F802-19A2-C9A8-D3198E76E81F}.Release|Any CPU.ActiveCfg = Release|Any CPU
		{A9F92CC3-F802-19A2-C9A8-D3198E76E81F}.Release|Any CPU.Build.0 = Release|Any CPU
		{B8B17A0C-5712-9580-4122-5F2774700AA5}.Debug|Any CPU.ActiveCfg = Debug|Any CPU
		{B8B17A0C-5712-9580-4122-5F2774700AA5}.Debug|Any CPU.Build.0 = Debug|Any CPU
		{B8B17A0C-5712-9580-4122-5F2774700AA5}.Release|Any CPU.ActiveCfg = Release|Any CPU
		{B8B17A0C-5712-9580-4122-5F2774700AA5}.Release|Any CPU.Build.0 = Release|Any CPU
		{E5471D3A-C786-E1D4-016D-D20D4E00A3BC}.Debug|Any CPU.ActiveCfg = Debug|Any CPU
		{E5471D3A-C786-E1D4-016D-D20D4E00A3BC}.Debug|Any CPU.Build.0 = Debug|Any CPU
		{E5471D3A-C786-E1D4-016D-D20D4E00A3BC}.Release|Any CPU.ActiveCfg = Release|Any CPU
		{E5471D3A-C786-E1D4-016D-D20D4E00A3BC}.Release|Any CPU.Build.0 = Release|Any CPU
		{B468E90B-203E-CACC-E2F9-5CCB7980C6C6}.Debug|Any CPU.ActiveCfg = Debug|Any CPU
		{B468E90B-203E-CACC-E2F9-5CCB7980C6C6}.Debug|Any CPU.Build.0 = Debug|Any CPU
		{B468E90B-203E-CACC-E2F9-5CCB7980C6C6}.Release|Any CPU.ActiveCfg = Release|Any CPU
		{B468E90B-203E-CACC-E2F9-5CCB7980C6C6}.Release|Any CPU.Build.0 = Release|Any CPU
	EndGlobalSection
	GlobalSection(SolutionProperties) = preSolution
		HideSolutionNode = FALSE
	EndGlobalSection
EndGlobal
